
Microsoft Visual Studio Solution File, Format Version 12.00
# Visual Studio Version 16
VisualStudioVersion = 16.0.30523.141
MinimumVisualStudioVersion = 10.0.40219.1
Project("{FAE04EC0-301F-11D3-BF4B-00C04F79EFBC}") = "Hello world", "Hello world\Hello world.csproj", "{022774E1-E629-4FDF-99CB-E6876F16AE33}"
EndProject
Global
	GlobalSection(SolutionConfigurationPlatforms) = preSolution
		Debug|Any CPU = Debug|Any CPU
		Release|Any CPU = Release|Any CPU
	EndGlobalSection
	GlobalSection(ProjectConfigurationPlatforms) = postSolution
		{022774E1-E629-4FDF-99CB-E6876F16AE33}.Debug|Any CPU.ActiveCfg = Debug|Any CPU
		{022774E1-E629-4FDF-99CB-E6876F16AE33}.Debug|Any CPU.Build.0 = Debug|Any CPU
		{022774E1-E629-4FDF-99CB-E6876F16AE33}.Release|Any CPU.ActiveCfg = Release|Any CPU
		{022774E1-E629-4FDF-99CB-E6876F16AE33}.Release|Any CPU.Build.0 = Release|Any CPU
	EndGlobalSection
	GlobalSection(SolutionProperties) = preSolution
		HideSolutionNode = FALSE
	EndGlobalSection
	GlobalSection(ExtensibilityGlobals) = postSolution
		SolutionGuid = {AC57E1CA-8F54-4F99-A9F9-CA3B3CAA4ECE}
	EndGlobalSection
EndGlobal
